# @generated - this file is auto-generated by `mise lock` https://mise.jdx.dev/dev-tools/mise-lock.html

[[tools.ansible-core]]
version = "2.21.2"
backend = "pipx:ansible-core"

[tools.ansible-core.options]
uvx_args = "-p 3.13 --with ansible==14"

[[tools.argocd]]
version = "3.4.5"
backend = "aqua:argoproj/argo-cd"

[tools.argocd."platforms.linux-arm64"]
checksum = "sha256:f6c1baa8f10d12d8a7c61b81c8e8632a84cba0def0dcbc5082d8a45efa241168"
url = "https://github.com/argoproj/argo-cd/releases/download/v3.4.5/argocd-linux-arm64"
url_api = "https://api.github.com/repos/argoproj/argo-cd/releases/assets/471546527"

[tools.argocd."platforms.linux-arm64".provenance.slsa]
url = "https://github.com/argoproj/argo-cd/releases/download/v3.4.5/argocd-cli.intoto.jsonl"

[tools.argocd."platforms.linux-arm64-musl"]
checksum = "sha256:f6c1baa8f10d12d8a7c61b81c8e8632a84cba0def0dcbc5082d8a45efa241168"
url = "https://github.com/argoproj/argo-cd/releases/download/v3.4.5/argocd-linux-arm64"
url_api = "https://api.github.com/repos/argoproj/argo-cd/releases/assets/471546527"

[tools.argocd."platforms.linux-arm64-musl".provenance.slsa]
url = "https://github.com/argoproj/argo-cd/releases/download/v3.4.5/argocd-cli.intoto.jsonl"

[tools.argocd."platforms.linux-x64"]
checksum = "sha256:23303f05a58c1e041324d5645b0f9d6ea338b16bbf32f4a24508f388fcf9f9c0"
url = "https://github.com/argoproj/argo-cd/releases/download/v3.4.5/argocd-linux-amd64"
url_api = "https://api.github.com/repos/argoproj/argo-cd/releases/assets/471546735"

[tools.argocd."platforms.linux-x64".provenance.slsa]
url = "https://github.com/argoproj/argo-cd/releases/download/v3.4.5/argocd-cli.intoto.jsonl"

[tools.argocd."platforms.linux-x64-musl"]
checksum = "sha256:23303f05a58c1e041324d5645b0f9d6ea338b16bbf32f4a24508f388fcf9f9c0"
url = "https://github.com/argoproj/argo-cd/releases/download/v3.4.5/argocd-linux-amd64"
url_api = "https://api.github.com/repos/argoproj/argo-cd/releases/assets/471546735"

[tools.argocd."platforms.linux-x64-musl".provenance.slsa]
url = "https://github.com/argoproj/argo-cd/releases/download/v3.4.5/argocd-cli.intoto.jsonl"

[tools.argocd."platforms.macos-arm64"]
checksum = "sha256:5b8a4bc9a14bdcc722c03b75eeee1c10b391f61f1a754e692f6183de976730cd"
url = "https://github.com/argoproj/argo-cd/releases/download/v3.4.5/argocd-darwin-arm64"
url_api = "https://api.github.com/repos/argoproj/argo-cd/releases/assets/471546526"

[tools.argocd."platforms.macos-arm64".provenance.slsa]
url = "https://github.com/argoproj/argo-cd/releases/download/v3.4.5/argocd-cli.intoto.jsonl"

[tools.argocd."platforms.macos-x64"]
checksum = "sha256:fa0e870a43c7f8ee5d8aa74781ddfdc5ce45afe8c4261ec142811b82da67bfb8"
url = "https://github.com/argoproj/argo-cd/releases/download/v3.4.5/argocd-darwin-amd64"
url_api = "https://api.github.com/repos/argoproj/argo-cd/releases/assets/471546525"

[tools.argocd."platforms.macos-x64".provenance.slsa]
url = "https://github.com/argoproj/argo-cd/releases/download/v3.4.5/argocd-cli.intoto.jsonl"

[tools.argocd."platforms.windows-x64"]
checksum = "sha256:bb6a2e76e014a1969c4534f343f0204d101cb4faeed2bcadab56d869161aeb6f"
url = "https://github.com/argoproj/argo-cd/releases/download/v3.4.5/argocd-windows-amd64.exe"
url_api = "https://api.github.com/repos/argoproj/argo-cd/releases/assets/471546730"

[tools.argocd."platforms.windows-x64".provenance.slsa]
url = "https://github.com/argoproj/argo-cd/releases/download/v3.4.5/argocd-cli.intoto.jsonl"

[[tools.helm]]
version = "4.2.3"
backend = "aqua:helm/helm"

[tools.helm."platforms.linux-arm64"]
checksum = "sha256:21abd9354d39b2cd79a8d76be6912cd137a983cbf997193503fb8a6a6e2f2785"
url = "https://get.helm.sh/helm-v4.2.3-linux-arm64.tar.gz"

[tools.helm."platforms.linux-arm64-musl"]
checksum = "sha256:21abd9354d39b2cd79a8d76be6912cd137a983cbf997193503fb8a6a6e2f2785"
url = "https://get.helm.sh/helm-v4.2.3-linux-arm64.tar.gz"

[tools.helm."platforms.linux-x64"]
checksum = "sha256:e9b88b4ee95b18c706839c28d3a0220e5bc470e9cd9262410c90793c45ff8b7c"
url = "https://get.helm.sh/helm-v4.2.3-linux-amd64.tar.gz"

[tools.helm."platforms.linux-x64-musl"]
checksum = "sha256:e9b88b4ee95b18c706839c28d3a0220e5bc470e9cd9262410c90793c45ff8b7c"
url = "https://get.helm.sh/helm-v4.2.3-linux-amd64.tar.gz"

[tools.helm."platforms.macos-arm64"]
checksum = "sha256:048ecf5ad3160f83d918f9fe945238d2132b079640f7b106175331c25f242c64"
url = "https://get.helm.sh/helm-v4.2.3-darwin-arm64.tar.gz"

[tools.helm."platforms.macos-x64"]
checksum = "sha256:ff3ac86755a45f3422473bc1200776aac0fe04c5766abe6ca66699f7b564b23b"
url = "https://get.helm.sh/helm-v4.2.3-darwin-amd64.tar.gz"

[tools.helm."platforms.windows-x64"]
checksum = "sha256:02c6137bb5f050479193afad5a28804e9edc3beeab7e7b53a6e1499c9ba387ef"
url = "https://get.helm.sh/helm-v4.2.3-windows-amd64.tar.gz"

[[tools.kubectl]]
version = "1.36.2"
backend = "aqua:kubernetes/kubernetes/kubectl"

[tools.kubectl."platforms.linux-arm64"]
checksum = "sha256:c957eb8c4bea27a3bb35b269edd9082e27f027f7b76b20b5bf4afebc726c6d3e"
url = "https://dl.k8s.io/v1.36.2/bin/linux/arm64/kubectl"

[tools.kubectl."platforms.linux-arm64-musl"]
checksum = "sha256:c957eb8c4bea27a3bb35b269edd9082e27f027f7b76b20b5bf4afebc726c6d3e"
url = "https://dl.k8s.io/v1.36.2/bin/linux/arm64/kubectl"

[tools.kubectl."platforms.linux-x64"]
checksum = "sha256:1e9045ec32bea85da43de85f0065358529ea7c7a152eca78154fba5b58c27d82"
url = "https://dl.k8s.io/v1.36.2/bin/linux/amd64/kubectl"

[tools.kubectl."platforms.linux-x64-musl"]
checksum = "sha256:1e9045ec32bea85da43de85f0065358529ea7c7a152eca78154fba5b58c27d82"
url = "https://dl.k8s.io/v1.36.2/bin/linux/amd64/kubectl"

[tools.kubectl."platforms.macos-arm64"]
checksum = "sha256:4408c85c83fd3a31adaa555bdf3c7a6c81f74b19449a9060ba31ab91926f023d"
url = "https://dl.k8s.io/v1.36.2/bin/darwin/arm64/kubectl"

[tools.kubectl."platforms.macos-x64"]
checksum = "sha256:ce6c5e55cd17559e87e4fb5e73ebbbc2511bcf2b695d7a40c1b1461a9817d4b3"
url = "https://dl.k8s.io/v1.36.2/bin/darwin/amd64/kubectl"

[tools.kubectl."platforms.windows-x64"]
checksum = "sha256:df04d82234b28ffbdcd36e79d596b85da6e9c736e1a7a55ff6910c648ff47af2"
url = "https://dl.k8s.io/v1.36.2/bin/windows/amd64/kubectl.exe"

[[tools.kubeseal]]
version = "0.38.4"
backend = "aqua:bitnami-labs/sealed-secrets"

[tools.kubeseal."platforms.linux-arm64"]
checksum = "sha256:bcc40ac15e29a21c270e2be8c62af29d4b01b9111ae667723e4b6d8e4009228b"
url = "https://github.com/bitnami/sealed-secrets/releases/download/v0.38.4/kubeseal-0.38.4-linux-arm64.tar.gz"
url_api = "https://api.github.com/repos/bitnami/sealed-secrets/releases/assets/465411899"

[tools.kubeseal."platforms.linux-arm64-musl"]
checksum = "sha256:bcc40ac15e29a21c270e2be8c62af29d4b01b9111ae667723e4b6d8e4009228b"
url = "https://github.com/bitnami/sealed-secrets/releases/download/v0.38.4/kubeseal-0.38.4-linux-arm64.tar.gz"
url_api = "https://api.github.com/repos/bitnami/sealed-secrets/releases/assets/465411899"

[tools.kubeseal."platforms.linux-x64"]
checksum = "sha256:ab5ae808b0efcb167a825b6cf7f3a7c0034bd99a6301d78db2012da651a8c0b9"
url = "https://github.com/bitnami/sealed-secrets/releases/download/v0.38.4/kubeseal-0.38.4-linux-amd64.tar.gz"
url_api = "https://api.github.com/repos/bitnami/sealed-secrets/releases/assets/465411933"

[tools.kubeseal."platforms.linux-x64-musl"]
checksum = "sha256:ab5ae808b0efcb167a825b6cf7f3a7c0034bd99a6301d78db2012da651a8c0b9"
url = "https://github.com/bitnami/sealed-secrets/releases/download/v0.38.4/kubeseal-0.38.4-linux-amd64.tar.gz"
url_api = "https://api.github.com/repos/bitnami/sealed-secrets/releases/assets/465411933"

[tools.kubeseal."platforms.macos-arm64"]
checksum = "sha256:4fe9f8fbb6ec7ef27bf0f4014f2846f8b363ae787a31fc6ba9cbb00fd40fb66d"
url = "https://github.com/bitnami/sealed-secrets/releases/download/v0.38.4/kubeseal-0.38.4-darwin-arm64.tar.gz"
url_api = "https://api.github.com/repos/bitnami/sealed-secrets/releases/assets/465411930"

[tools.kubeseal."platforms.macos-x64"]
checksum = "sha256:209cb21da63f546f785499d04199dd5d39e8ef4934626207d8445c7ec3664f20"
url = "https://github.com/bitnami/sealed-secrets/releases/download/v0.38.4/kubeseal-0.38.4-darwin-amd64.tar.gz"
url_api = "https://api.github.com/repos/bitnami/sealed-secrets/releases/assets/465411898"

[tools.kubeseal."platforms.windows-x64"]
checksum = "sha256:a7cb5c78ebb53538862f86434c07626f3e1d0ec627abe9a78fa3a4ed87ecdc18"
url = "https://github.com/bitnami/sealed-secrets/releases/download/v0.38.4/kubeseal-0.38.4-windows-amd64.tar.gz"
url_api = "https://api.github.com/repos/bitnami/sealed-secrets/releases/assets/465411900"

[[tools.opentofu]]
version = "1.12.3"
backend = "aqua:opentofu/opentofu"

[tools.opentofu."platforms.linux-arm64"]
checksum = "sha256:98861dad4ac08882dcf255fe5d48bed7deddc34e8d6544f8690c65212320ad64"
url = "https://github.com/opentofu/opentofu/releases/download/v1.12.3/tofu_1.12.3_linux_arm64.tar.gz"
url_api = "https://api.github.com/repos/opentofu/opentofu/releases/assets/451267208"

[tools.opentofu."platforms.linux-arm64-musl"]
checksum = "sha256:98861dad4ac08882dcf255fe5d48bed7deddc34e8d6544f8690c65212320ad64"
url = "https://github.com/opentofu/opentofu/releases/download/v1.12.3/tofu_1.12.3_linux_arm64.tar.gz"
url_api = "https://api.github.com/repos/opentofu/opentofu/releases/assets/451267208"

[tools.opentofu."platforms.linux-x64"]
checksum = "sha256:f87d45408dcbb963ddbe10b2f75e55b3495310556e05c35765dfd5913551f182"
url = "https://github.com/opentofu/opentofu/releases/download/v1.12.3/tofu_1.12.3_linux_amd64.tar.gz"
url_api = "https://api.github.com/repos/opentofu/opentofu/releases/assets/451267210"

[tools.opentofu."platforms.linux-x64-musl"]
checksum = "sha256:f87d45408dcbb963ddbe10b2f75e55b3495310556e05c35765dfd5913551f182"
url = "https://github.com/opentofu/opentofu/releases/download/v1.12.3/tofu_1.12.3_linux_amd64.tar.gz"
url_api = "https://api.github.com/repos/opentofu/opentofu/releases/assets/451267210"

[tools.opentofu."platforms.macos-arm64"]
checksum = "sha256:0c8ddee4294f7cea34d82b122fa805febce41d21905a54dc9ce9f79ee8145284"
url = "https://github.com/opentofu/opentofu/releases/download/v1.12.3/tofu_1.12.3_darwin_arm64.tar.gz"
url_api = "https://api.github.com/repos/opentofu/opentofu/releases/assets/451267265"

[tools.opentofu."platforms.macos-x64"]
checksum = "sha256:e4d5fa86cfbe7eb8b56ec19e4c7e0bc7885845ca4e4a955c49d184ae82c62ab2"
url = "https://github.com/opentofu/opentofu/releases/download/v1.12.3/tofu_1.12.3_darwin_amd64.tar.gz"
url_api = "https://api.github.com/repos/opentofu/opentofu/releases/assets/451267293"

[tools.opentofu."platforms.windows-x64"]
checksum = "sha256:34ddbab9eb07a72ea5cf36d98d97ce1931242cb89693cbf5dce06d65ba37d8cc"
url = "https://github.com/opentofu/opentofu/releases/download/v1.12.3/tofu_1.12.3_windows_amd64.tar.gz"
url_api = "https://api.github.com/repos/opentofu/opentofu/releases/assets/451267166"

[[tools.prek]]
version = "0.4.6"
backend = "aqua:j178/prek"

[tools.prek."platforms.linux-arm64"]
checksum = "sha256:f871abfb4f2782722dfd685360b100989c9323195dde641fadf2346a66f8ae51"
url = "https://github.com/j178/prek/releases/download/v0.4.6/prek-aarch64-unknown-linux-musl.tar.gz"
url_api = "https://api.github.com/repos/j178/prek/releases/assets/462786053"
provenance = "github-attestations"

[tools.prek."platforms.linux-arm64-musl"]
checksum = "sha256:f871abfb4f2782722dfd685360b100989c9323195dde641fadf2346a66f8ae51"
url = "https://github.com/j178/prek/releases/download/v0.4.6/prek-aarch64-unknown-linux-musl.tar.gz"
url_api = "https://api.github.com/repos/j178/prek/releases/assets/462786053"
provenance = "github-attestations"

[tools.prek."platforms.linux-x64"]
checksum = "sha256:820de4920c112e273aedff646ab47439d3320dfd9f2c468d35992a1055ff8afb"
url = "https://github.com/j178/prek/releases/download/v0.4.6/prek-x86_64-unknown-linux-musl.tar.gz"
url_api = "https://api.github.com/repos/j178/prek/releases/assets/462786129"
provenance = "github-attestations"

[tools.prek."platforms.linux-x64-musl"]
checksum = "sha256:820de4920c112e273aedff646ab47439d3320dfd9f2c468d35992a1055ff8afb"
url = "https://github.com/j178/prek/releases/download/v0.4.6/prek-x86_64-unknown-linux-musl.tar.gz"
url_api = "https://api.github.com/repos/j178/prek/releases/assets/462786129"
provenance = "github-attestations"

[tools.prek."platforms.macos-arm64"]
checksum = "sha256:20495b109cef41f6d7188041e40c9382a830ff04706f7c02f30374a9035210ef"
url = "https://github.com/j178/prek/releases/download/v0.4.6/prek-aarch64-apple-darwin.tar.gz"
url_api = "https://api.github.com/repos/j178/prek/releases/assets/462786046"
provenance = "github-attestations"

[tools.prek."platforms.macos-x64"]
checksum = "sha256:b65f6a9497762e3dd55bf8ce1ee3b9d4e2014d47dd0cb2e2da9fe46d2bb81a73"
url = "https://github.com/j178/prek/releases/download/v0.4.6/prek-x86_64-apple-darwin.tar.gz"
url_api = "https://api.github.com/repos/j178/prek/releases/assets/462786119"
provenance = "github-attestations"

[tools.prek."platforms.windows-x64"]
checksum = "sha256:775a6294333821d7af614201f1976b184a66c1036e529586c82e3c2dbf401f88"
url = "https://github.com/j178/prek/releases/download/v0.4.6/prek-x86_64-pc-windows-msvc.zip"
url_api = "https://api.github.com/repos/j178/prek/releases/assets/462786124"
provenance = "github-attestations"

[[tools.tflint]]
version = "0.64.0"
backend = "aqua:terraform-linters/tflint"

[tools.tflint."platforms.linux-arm64"]
checksum = "sha256:560da89aacf59389d4eb029730dd5b109b7288096c32f2726a0d9e783a5ea8eb"
url = "https://github.com/terraform-linters/tflint/releases/download/v0.64.0/tflint_linux_arm64.zip"
url_api = "https://api.github.com/repos/terraform-linters/tflint/releases/assets/480528325"
provenance = "github-attestations"

[tools.tflint."platforms.linux-arm64-musl"]
checksum = "sha256:560da89aacf59389d4eb029730dd5b109b7288096c32f2726a0d9e783a5ea8eb"
url = "https://github.com/terraform-linters/tflint/releases/download/v0.64.0/tflint_linux_arm64.zip"
url_api = "https://api.github.com/repos/terraform-linters/tflint/releases/assets/480528325"
provenance = "github-attestations"

[tools.tflint."platforms.linux-x64"]
checksum = "sha256:cca9d13e2e1d7a2c627af60ff899a3c9b74212899416aeb96ec764d2ef954537"
url = "https://github.com/terraform-linters/tflint/releases/download/v0.64.0/tflint_linux_amd64.zip"
url_api = "https://api.github.com/repos/terraform-linters/tflint/releases/assets/480528344"
provenance = "github-attestations"

[tools.tflint."platforms.linux-x64-musl"]
checksum = "sha256:cca9d13e2e1d7a2c627af60ff899a3c9b74212899416aeb96ec764d2ef954537"
url = "https://github.com/terraform-linters/tflint/releases/download/v0.64.0/tflint_linux_amd64.zip"
url_api = "https://api.github.com/repos/terraform-linters/tflint/releases/assets/480528344"
provenance = "github-attestations"

[tools.tflint."platforms.macos-arm64"]
checksum = "sha256:2496e9cb3d24992d553b45e7c87a0fdc9449ca975233876247a9bfeda857e6c0"
url = "https://github.com/terraform-linters/tflint/releases/download/v0.64.0/tflint_darwin_arm64.zip"
url_api = "https://api.github.com/repos/terraform-linters/tflint/releases/assets/480528349"
provenance = "github-attestations"

[tools.tflint."platforms.macos-x64"]
checksum = "sha256:0f3a9fd17526014646a2dfc3f9122f7b4161abe3d6b0f0f03f9014483ddf4d19"
url = "https://github.com/terraform-linters/tflint/releases/download/v0.64.0/tflint_darwin_amd64.zip"
url_api = "https://api.github.com/repos/terraform-linters/tflint/releases/assets/480528324"
provenance = "github-attestations"

[tools.tflint."platforms.windows-x64"]
checksum = "sha256:fb42fb859d844b156a8ea9d3363078c4d8b85ca78782e60876b08c9b8e59f303"
url = "https://github.com/terraform-linters/tflint/releases/download/v0.64.0/tflint_windows_amd64.zip"
url_api = "https://api.github.com/repos/terraform-linters/tflint/releases/assets/480528323"
provenance = "github-attestations"
